schema: '2.0'
stages:
  preprocess:
    cmd: python data/preprocess.py
    deps:
    - path: data/preprocess.py
      hash: md5
      md5: 94e8cff7c22790274e56d50969028dce
      size: 935
    outs:
    - path: data/test.csv
      hash: md5
      md5: 79f33270d1bfe1a0795768973e98905d
      size: 4903524
    - path: data/train.csv
      hash: md5
      md5: f7541af41f78ef99a6818e6d55d419c5
      size: 19543697
  train:
    cmd: python data/train.py
    deps:
    - path: data/train.csv
      hash: md5
      md5: f7541af41f78ef99a6818e6d55d419c5
      size: 19543697
    - path: data/train.py
      hash: md5
      md5: 7ed52eb8986b8f0a52e3ee8133088d2f
      size: 623
    outs:
    - path: movie_model.pkl
      hash: md5
      md5: 42566e0afa74e2d8dbb5ce91d942db12
      size: 262871564
  validate:
    cmd: python data/validate.py
    deps:
    - path: data/test.csv
      hash: md5
      md5: 79f33270d1bfe1a0795768973e98905d
      size: 4903524
    - path: data/validate.py
      hash: md5
      md5: ed7ee9a69687c1ab0debdf543bf7bf2d
      size: 1201
    - path: movie_model.pkl
      hash: md5
      md5: 42566e0afa74e2d8dbb5ce91d942db12
      size: 262871564
    outs:
    - path: confusion_matrix.png
      hash: md5
      md5: 78c54971e9d00999565948a685c69fb2
      size: 157152
    - path: metrics.json
      hash: md5
      md5: 506f74c57621219027b99580f3b90dff
      size: 33
